
Microsoft Visual Studio Solution File, Format Version 12.00
# Visual Studio Version 16
VisualStudioVersion = 16.0.30711.63
MinimumVisualStudioVersion = 10.0.40219.1
Project("{FAE04EC0-301F-11D3-BF4B-00C04F79EFBC}") = "TrivialCLR.Tests", "TrivialCLR.Tests\TrivialCLR.Tests.csproj", "{50F093A3-630C-4B08-90C1-2356968348DE}"
EndProject
Project("{FAE04EC0-301F-11D3-BF4B-00C04F79EFBC}") = "TestModule", "TestModule\TestModule.csproj", "{599E13E8-872B-4A3D-8609-9940EDFEFBD3}"
EndProject
Global
	GlobalSection(SolutionConfigurationPlatforms) = preSolution
		Debug|Any CPU = Debug|Any CPU
		Release|Any CPU = Release|Any CPU
	EndGlobalSection
	GlobalSection(ProjectConfigurationPlatforms) = postSolution
		{50F093A3-630C-4B08-90C1-2356968348DE}.Debug|Any CPU.ActiveCfg = Debug|Any CPU
		{50F093A3-630C-4B08-90C1-2356968348DE}.Debug|Any CPU.Build.0 = Debug|Any CPU
		{50F093A3-630C-4B08-90C1-2356968348DE}.Release|Any CPU.ActiveCfg = Release|Any CPU
		{50F093A3-630C-4B08-90C1-2356968348DE}.Release|Any CPU.Build.0 = Release|Any CPU
		{599E13E8-872B-4A3D-8609-9940EDFEFBD3}.Debug|Any CPU.ActiveCfg = Debug|Any CPU
		{599E13E8-872B-4A3D-8609-9940EDFEFBD3}.Debug|Any CPU.Build.0 = Debug|Any CPU
		{599E13E8-872B-4A3D-8609-9940EDFEFBD3}.Release|Any CPU.ActiveCfg = Release|Any CPU
		{599E13E8-872B-4A3D-8609-9940EDFEFBD3}.Release|Any CPU.Build.0 = Release|Any CPU
	EndGlobalSection
	GlobalSection(SolutionProperties) = preSolution
		HideSolutionNode = FALSE
	EndGlobalSection
	GlobalSection(ExtensibilityGlobals) = postSolution
		SolutionGuid = {02E954D1-68AB-41C9-BBB0-3FD693745B70}
	EndGlobalSection
EndGlobal
